
Microsoft Visual Studio Solution File, Format Version 12.00
# Visual Studio Version 17
VisualStudioVersion = 17.6.33723.286
MinimumVisualStudioVersion = 10.0.40219.1
Project("{2150E333-8FDC-42A3-9474-1A3956D46DE8}") = "String Algorithms", "String Algorithms", "{87BBAC39-292C-4E8C-8E8F-1C25D9704069}"
EndProject
Project("{FAE04EC0-301F-11D3-BF4B-00C04F79EFBC}") = "ValidateStrings", "..\ValidateStrings\ValidateStrings.csproj", "{45FAE0AC-7708-4433-8162-72B2429583D8}"
EndProject
Project("{FAE04EC0-301F-11D3-BF4B-00C04F79EFBC}") = "NormalizeStrings", "..\NormalizeStrings\NormalizeStrings.csproj", "{5ECB4954-9978-40EA-B5FE-2B67CB823063}"
EndProject
Project("{FAE04EC0-301F-11D3-BF4B-00C04F79EFBC}") = "AlgorithmDrivenStrings", "AlgorithmDrivenStrings\AlgorithmDrivenStrings.csproj", "{EA1BF8CD-F3BD-481F-9A62-38D0B8A3D871}"
EndProject
Project("{FAE04EC0-301F-11D3-BF4B-00C04F79EFBC}") = "ReverseEachWordChallenge", "ReverseEachWordChallenge\ReverseEachWordChallenge.csproj", "{6031F2BE-399A-4400-A7FF-8E185E554845}"
EndProject
Global
	GlobalSection(SolutionConfigurationPlatforms) = preSolution
		Debug|Any CPU = Debug|Any CPU
		Release|Any CPU = Release|Any CPU
	EndGlobalSection
	GlobalSection(ProjectConfigurationPlatforms) = postSolution
		{45FAE0AC-7708-4433-8162-72B2429583D8}.Debug|Any CPU.ActiveCfg = Debug|Any CPU
		{45FAE0AC-7708-4433-8162-72B2429583D8}.Debug|Any CPU.Build.0 = Debug|Any CPU
		{45FAE0AC-7708-4433-8162-72B2429583D8}.Release|Any CPU.ActiveCfg = Release|Any CPU
		{45FAE0AC-7708-4433-8162-72B2429583D8}.Release|Any CPU.Build.0 = Release|Any CPU
		{5ECB4954-9978-40EA-B5FE-2B67CB823063}.Debug|Any CPU.ActiveCfg = Debug|Any CPU
		{5ECB4954-9978-40EA-B5FE-2B67CB823063}.Debug|Any CPU.Build.0 = Debug|Any CPU
		{5ECB4954-9978-40EA-B5FE-2B67CB823063}.Release|Any CPU.ActiveCfg = Release|Any CPU
		{5ECB4954-9978-40EA-B5FE-2B67CB823063}.Release|Any CPU.Build.0 = Release|Any CPU
		{EA1BF8CD-F3BD-481F-9A62-38D0B8A3D871}.Debug|Any CPU.ActiveCfg = Debug|Any CPU
		{EA1BF8CD-F3BD-481F-9A62-38D0B8A3D871}.Debug|Any CPU.Build.0 = Debug|Any CPU
		{EA1BF8CD-F3BD-481F-9A62-38D0B8A3D871}.Release|Any CPU.ActiveCfg = Release|Any CPU
		{EA1BF8CD-F3BD-481F-9A62-38D0B8A3D871}.Release|Any CPU.Build.0 = Release|Any CPU
		{6031F2BE-399A-4400-A7FF-8E185E554845}.Debug|Any CPU.ActiveCfg = Debug|Any CPU
		{6031F2BE-399A-4400-A7FF-8E185E554845}.Debug|Any CPU.Build.0 = Debug|Any CPU
		{6031F2BE-399A-4400-A7FF-8E185E554845}.Release|Any CPU.ActiveCfg = Release|Any CPU
		{6031F2BE-399A-4400-A7FF-8E185E554845}.Release|Any CPU.Build.0 = Release|Any CPU
	EndGlobalSection
	GlobalSection(SolutionProperties) = preSolution
		HideSolutionNode = FALSE
	EndGlobalSection
	GlobalSection(NestedProjects) = preSolution
		{45FAE0AC-7708-4433-8162-72B2429583D8} = {87BBAC39-292C-4E8C-8E8F-1C25D9704069}
		{5ECB4954-9978-40EA-B5FE-2B67CB823063} = {87BBAC39-292C-4E8C-8E8F-1C25D9704069}
		{EA1BF8CD-F3BD-481F-9A62-38D0B8A3D871} = {87BBAC39-292C-4E8C-8E8F-1C25D9704069}
		{6031F2BE-399A-4400-A7FF-8E185E554845} = {87BBAC39-292C-4E8C-8E8F-1C25D9704069}
	EndGlobalSection
	GlobalSection(ExtensibilityGlobals) = postSolution
		SolutionGuid = {E1310B6F-8432-4060-9648-8A44C4CDFFA2}
	EndGlobalSection
EndGlobal
